// !$*UTF8*$!
{
	archiveVersion = 1;
	classes = {
	};
	objectVersion = 54;
	objects = {

/* Begin PBXBuildFile section */
		9B2188142495D87F00725176 /* AppDelegate.swift in Sources */ = {isa = PBXBuildFile; fileRef = 9B2188132495D87F00725176 /* AppDelegate.swift */; };
		9B2188162495D87F00725176 /* SceneDelegate.swift in Sources */ = {isa = PBXBuildFile; fileRef = 9B2188152495D87F00725176 /* SceneDelegate.swift */; };
		9B2188182495D87F00725176 /* MasterViewController.swift in Sources */ = {isa = PBXBuildFile; fileRef = 9B2188172495D87F00725176 /* MasterViewController.swift */; };
		9B21881D2495D87F00725176 /* Main.storyboard in Resources */ = {isa = PBXBuildFile; fileRef = 9B21881B2495D87F00725176 /* Main.storyboard */; };
		9B21881F2495D88100725176 /* Assets.xcassets in Resources */ = {isa = PBXBuildFile; fileRef = 9B21881E2495D88100725176 /* Assets.xcassets */; };
		9B2188222495D88100725176 /* LaunchScreen.storyboard in Resources */ = {isa = PBXBuildFile; fileRef = 9B2188202495D88100725176 /* LaunchScreen.storyboard */; };
		9B21882A2495D9D800725176 /* MenuViewController.swift in Sources */ = {isa = PBXBuildFile; fileRef = 9B2188292495D9D800725176 /* MenuViewController.swift */; };
		9B6063B32470D6D9008C9395 /* AppDelegate.swift in Sources */ = {isa = PBXBuildFile; fileRef = 9B6063B22470D6D9008C9395 /* AppDelegate.swift */; };
		9B6063B52470D6D9008C9395 /* SceneDelegate.swift in Sources */ = {isa = PBXBuildFile; fileRef = 9B6063B42470D6D9008C9395 /* SceneDelegate.swift */; };
		9B6063B92470D6DB008C9395 /* Assets.xcassets in Resources */ = {isa = PBXBuildFile; fileRef = 9B6063B82470D6DB008C9395 /* Assets.xcassets */; };
		9B6063BF2470D6DB008C9395 /* LaunchScreen.storyboard in Resources */ = {isa = PBXBuildFile; fileRef = 9B6063BD2470D6DB008C9395 /* LaunchScreen.storyboard */; };
		9BD9747224A6271500FE58E3 /* TrailerViewController.swift in Sources */ = {isa = PBXBuildFile; fileRef = 9BD9747124A6271500FE58E3 /* TrailerViewController.swift */; };
		9BF6DC0324A39737007207B6 /* SatelitUI in Frameworks */ = {isa = PBXBuildFile; productRef = 9BF6DC0224A39737007207B6 /* SatelitUI */; };
/* End PBXBuildFile section */

/* Begin PBXCopyFilesBuildPhase section */
		9B2188062495BC5A00725176 /* Embed Frameworks */ = {
			isa = PBXCopyFilesBuildPhase;
			buildActionMask = 2147483647;
			dstPath = "";
			dstSubfolderSpec = 10;
			files = (
			);
			name = "Embed Frameworks";
			runOnlyForDeploymentPostprocessing = 0;
		};
		9B2188302495D9F100725176 /* Embed Frameworks */ = {
			isa = PBXCopyFilesBuildPhase;
			buildActionMask = 2147483647;
			dstPath = "";
			dstSubfolderSpec = 10;
			files = (
			);
			name = "Embed Frameworks";
			runOnlyForDeploymentPostprocessing = 0;
		};
/* End PBXCopyFilesBuildPhase section */

/* Begin PBXFileReference section */
		9B2188082495BE0500725176 /* framework.xcconfig */ = {isa = PBXFileReference; lastKnownFileType = text.xcconfig; path = framework.xcconfig; sourceTree = "<group>"; };
		9B21880C2495BEFF00725176 /* common.xcconfig */ = {isa = PBXFileReference; lastKnownFileType = text.xcconfig; path = common.xcconfig; sourceTree = "<group>"; };
		9B2188112495D87F00725176 /* UICatalog.app */ = {isa = PBXFileReference; explicitFileType = wrapper.application; includeInIndex = 0; path = UICatalog.app; sourceTree = BUILT_PRODUCTS_DIR; };
		9B2188132495D87F00725176 /* AppDelegate.swift */ = {isa = PBXFileReference; lastKnownFileType = sourcecode.swift; path = AppDelegate.swift; sourceTree = "<group>"; };
		9B2188152495D87F00725176 /* SceneDelegate.swift */ = {isa = PBXFileReference; lastKnownFileType = sourcecode.swift; path = SceneDelegate.swift; sourceTree = "<group>"; };
		9B2188172495D87F00725176 /* MasterViewController.swift */ = {isa = PBXFileReference; lastKnownFileType = sourcecode.swift; path = MasterViewController.swift; sourceTree = "<group>"; };
		9B21881C2495D87F00725176 /* Base */ = {isa = PBXFileReference; lastKnownFileType = file.storyboard; name = Base; path = Base.lproj/Main.storyboard; sourceTree = "<group>"; };
		9B21881E2495D88100725176 /* Assets.xcassets */ = {isa = PBXFileReference; lastKnownFileType = folder.assetcatalog; path = Assets.xcassets; sourceTree = "<group>"; };
		9B2188212495D88100725176 /* Base */ = {isa = PBXFileReference; lastKnownFileType = file.storyboard; name = Base; path = Base.lproj/LaunchScreen.storyboard; sourceTree = "<group>"; };
		9B2188232495D88100725176 /* Info.plist */ = {isa = PBXFileReference; lastKnownFileType = text.plist.xml; path = Info.plist; sourceTree = "<group>"; };
		9B2188292495D9D800725176 /* MenuViewController.swift */ = {isa = PBXFileReference; lastKnownFileType = sourcecode.swift; path = MenuViewController.swift; sourceTree = "<group>"; };
		9B6063AF2470D6D9008C9395 /* Satelit.app */ = {isa = PBXFileReference; explicitFileType = wrapper.application; includeInIndex = 0; path = Satelit.app; sourceTree = BUILT_PRODUCTS_DIR; };
		9B6063B22470D6D9008C9395 /* AppDelegate.swift */ = {isa = PBXFileReference; lastKnownFileType = sourcecode.swift; path = AppDelegate.swift; sourceTree = "<group>"; };
		9B6063B42470D6D9008C9395 /* SceneDelegate.swift */ = {isa = PBXFileReference; lastKnownFileType = sourcecode.swift; path = SceneDelegate.swift; sourceTree = "<group>"; };
		9B6063B82470D6DB008C9395 /* Assets.xcassets */ = {isa = PBXFileReference; lastKnownFileType = folder.assetcatalog; path = Assets.xcassets; sourceTree = "<group>"; };
		9B6063BE2470D6DB008C9395 /* Base */ = {isa = PBXFileReference; lastKnownFileType = file.storyboard; name = Base; path = Base.lproj/LaunchScreen.storyboard; sourceTree = "<group>"; };
		9B6063C02470D6DB008C9395 /* Info.plist */ = {isa = PBXFileReference; lastKnownFileType = text.plist.xml; path = Info.plist; sourceTree = "<group>"; };
		9BD9747124A6271500FE58E3 /* TrailerViewController.swift */ = {isa = PBXFileReference; lastKnownFileType = sourcecode.swift; path = TrailerViewController.swift; sourceTree = "<group>"; };
		9BEE992D248CB2EF00F7B71C /* Net */ = {isa = PBXFileReference; lastKnownFileType = folder; path = Net; sourceTree = "<group>"; };
		9BF3BC34248363E3009D4471 /* Proto */ = {isa = PBXFileReference; lastKnownFileType = folder; path = Proto; sourceTree = "<group>"; };
		9BF6DC0124A396D8007207B6 /* SatelitUI */ = {isa = PBXFileReference; lastKnownFileType = folder; path = SatelitUI; sourceTree = "<group>"; };
/* End PBXFileReference section */

/* Begin PBXFrameworksBuildPhase section */
		9B21880E2495D87F00725176 /* Frameworks */ = {
			isa = PBXFrameworksBuildPhase;
			buildActionMask = 2147483647;
			files = (
				9BF6DC0324A39737007207B6 /* SatelitUI in Frameworks */,
			);
			runOnlyForDeploymentPostprocessing = 0;
		};
		9B6063AC2470D6D9008C9395 /* Frameworks */ = {
			isa = PBXFrameworksBuildPhase;
			buildActionMask = 2147483647;
			files = (
			);
			runOnlyForDeploymentPostprocessing = 0;
		};
/* End PBXFrameworksBuildPhase section */

/* Begin PBXGroup section */
		9B2187F42495BAA700725176 /* Resources */ = {
			isa = PBXGroup;
			children = (
				9B6063BD2470D6DB008C9395 /* LaunchScreen.storyboard */,
				9B6063B82470D6DB008C9395 /* Assets.xcassets */,
				9B6063C02470D6DB008C9395 /* Info.plist */,
			);
			path = Resources;
			sourceTree = "<group>";
		};
		9B2188072495BDE000725176 /* Settings */ = {
			isa = PBXGroup;
			children = (
				9B2188082495BE0500725176 /* framework.xcconfig */,
				9B21880C2495BEFF00725176 /* common.xcconfig */,
			);
			path = Settings;
			sourceTree = "<group>";
		};
		9B2188122495D87F00725176 /* UICatalog */ = {
			isa = PBXGroup;
			children = (
				9B2188132495D87F00725176 /* AppDelegate.swift */,
				9B2188152495D87F00725176 /* SceneDelegate.swift */,
				9B2188272495D9AC00725176 /* Catalog */,
				9B2188312495E36200725176 /* Resources */,
			);
			path = UICatalog;
			sourceTree = "<group>";
		};
		9B2188272495D9AC00725176 /* Catalog */ = {
			isa = PBXGroup;
			children = (
				9BD9747024A6270000FE58E3 /* Trailer */,
				9B2188282495D9B800725176 /* Menu */,
				9B2188172495D87F00725176 /* MasterViewController.swift */,
			);
			path = Catalog;
			sourceTree = "<group>";
		};
		9B2188282495D9B800725176 /* Menu */ = {
			isa = PBXGroup;
			children = (
				9B2188292495D9D800725176 /* MenuViewController.swift */,
			);
			path = Menu;
			sourceTree = "<group>";
		};
		9B21882B2495D9F100725176 /* Frameworks */ = {
			isa = PBXGroup;
			children = (
			);
			name = Frameworks;
			sourceTree = "<group>";
		};
		9B2188312495E36200725176 /* Resources */ = {
			isa = PBXGroup;
			children = (
				9B21881B2495D87F00725176 /* Main.storyboard */,
				9B21881E2495D88100725176 /* Assets.xcassets */,
				9B2188202495D88100725176 /* LaunchScreen.storyboard */,
				9B2188232495D88100725176 /* Info.plist */,
			);
			path = Resources;
			sourceTree = "<group>";
		};
		9B523F3A24A3851E00FA851D /* Packages */ = {
			isa = PBXGroup;
			children = (
				9BF6DC0124A396D8007207B6 /* SatelitUI */,
				9BEE992D248CB2EF00F7B71C /* Net */,
				9BF3BC34248363E3009D4471 /* Proto */,
			);
			path = Packages;
			sourceTree = "<group>";
		};
		9B6063A62470D6D9008C9395 = {
			isa = PBXGroup;
			children = (
				9B523F3A24A3851E00FA851D /* Packages */,
				9B2188072495BDE000725176 /* Settings */,
				9B6063B12470D6D9008C9395 /* Satelit */,
				9B2188122495D87F00725176 /* UICatalog */,
				9B6063B02470D6D9008C9395 /* Products */,
				9B21882B2495D9F100725176 /* Frameworks */,
			);
			sourceTree = "<group>";
		};
		9B6063B02470D6D9008C9395 /* Products */ = {
			isa = PBXGroup;
			children = (
				9B6063AF2470D6D9008C9395 /* Satelit.app */,
				9B2188112495D87F00725176 /* UICatalog.app */,
			);
			name = Products;
			sourceTree = "<group>";
		};
		9B6063B12470D6D9008C9395 /* Satelit */ = {
			isa = PBXGroup;
			children = (
				9B2187F42495BAA700725176 /* Resources */,
				9B6063B22470D6D9008C9395 /* AppDelegate.swift */,
				9B6063B42470D6D9008C9395 /* SceneDelegate.swift */,
			);
			path = Satelit;
			sourceTree = "<group>";
		};
		9BD9747024A6270000FE58E3 /* Trailer */ = {
			isa = PBXGroup;
			children = (
				9BD9747124A6271500FE58E3 /* TrailerViewController.swift */,
			);
			path = Trailer;
			sourceTree = "<group>";
		};
/* End PBXGroup section */

/* Begin PBXNativeTarget section */
		9B2188102495D87F00725176 /* UICatalog */ = {
			isa = PBXNativeTarget;
			buildConfigurationList = 9B2188242495D88100725176 /* Build configuration list for PBXNativeTarget "UICatalog" */;
			buildPhases = (
				9B21880D2495D87F00725176 /* Sources */,
				9B21880E2495D87F00725176 /* Frameworks */,
				9B21880F2495D87F00725176 /* Resources */,
				9B2188302495D9F100725176 /* Embed Frameworks */,
			);
			buildRules = (
			);
			dependencies = (
			);
			name = UICatalog;
			packageProductDependencies = (
				9BF6DC0224A39737007207B6 /* SatelitUI */,
			);
			productName = UICatalog;
			productReference = 9B2188112495D87F00725176 /* UICatalog.app */;
			productType = "com.apple.product-type.application";
		};
		9B6063AE2470D6D9008C9395 /* Satelit */ = {
			isa = PBXNativeTarget;
			buildConfigurationList = 9B6063C32470D6DB008C9395 /* Build configuration list for PBXNativeTarget "Satelit" */;
			buildPhases = (
				9B6063AB2470D6D9008C9395 /* Sources */,
				9B6063AC2470D6D9008C9395 /* Frameworks */,
				9B6063AD2470D6D9008C9395 /* Resources */,
				9B2188062495BC5A00725176 /* Embed Frameworks */,
			);
			buildRules = (
			);
			dependencies = (
			);
			name = Satelit;
			productName = "satelit-ios";
			productReference = 9B6063AF2470D6D9008C9395 /* Satelit.app */;
			productType = "com.apple.product-type.application";
		};
/* End PBXNativeTarget section */

/* Begin PBXProject section */
		9B6063A72470D6D9008C9395 /* Project object */ = {
			isa = PBXProject;
			attributes = {
				LastSwiftUpdateCheck = 1150;
				LastUpgradeCheck = 1200;
				ORGANIZATIONNAME = "Shitty Moe";
				TargetAttributes = {
					9B2188102495D87F00725176 = {
						CreatedOnToolsVersion = 11.5;
					};
					9B6063AE2470D6D9008C9395 = {
						CreatedOnToolsVersion = 11.4.1;
					};
				};
			};
			buildConfigurationList = 9B6063AA2470D6D9008C9395 /* Build configuration list for PBXProject "Satelit" */;
			compatibilityVersion = "Xcode 12.0";
			developmentRegion = en;
			hasScannedForEncodings = 0;
			knownRegions = (
				en,
				Base,
			);
			mainGroup = 9B6063A62470D6D9008C9395;
			productRefGroup = 9B6063B02470D6D9008C9395 /* Products */;
			projectDirPath = "";
			projectRoot = "";
			targets = (
				9B6063AE2470D6D9008C9395 /* Satelit */,
				9B2188102495D87F00725176 /* UICatalog */,
			);
		};
/* End PBXProject section */

/* Begin PBXResourcesBuildPhase section */
		9B21880F2495D87F00725176 /* Resources */ = {
			isa = PBXResourcesBuildPhase;
			buildActionMask = 2147483647;
			files = (
				9B2188222495D88100725176 /* LaunchScreen.storyboard in Resources */,
				9B21881F2495D88100725176 /* Assets.xcassets in Resources */,
				9B21881D2495D87F00725176 /* Main.storyboard in Resources */,
			);
			runOnlyForDeploymentPostprocessing = 0;
		};
		9B6063AD2470D6D9008C9395 /* Resources */ = {
			isa = PBXResourcesBuildPhase;
			buildActionMask = 2147483647;
			files = (
				9B6063BF2470D6DB008C9395 /* LaunchScreen.storyboard in Resources */,
				9B6063B92470D6DB008C9395 /* Assets.xcassets in Resources */,
			);
			runOnlyForDeploymentPostprocessing = 0;
		};
/* End PBXResourcesBuildPhase section */

/* Begin PBXSourcesBuildPhase section */
		9B21880D2495D87F00725176 /* Sources */ = {
			isa = PBXSourcesBuildPhase;
			buildActionMask = 2147483647;
			files = (
				9B2188142495D87F00725176 /* AppDelegate.swift in Sources */,
				9B21882A2495D9D800725176 /* MenuViewController.swift in Sources */,
				9B2188162495D87F00725176 /* SceneDelegate.swift in Sources */,
				9BD9747224A6271500FE58E3 /* TrailerViewController.swift in Sources */,
				9B2188182495D87F00725176 /* MasterViewController.swift in Sources */,
			);
			runOnlyForDeploymentPostprocessing = 0;
		};
		9B6063AB2470D6D9008C9395 /* Sources */ = {
			isa = PBXSourcesBuildPhase;
			buildActionMask = 2147483647;
			files = (
				9B6063B32470D6D9008C9395 /* AppDelegate.swift in Sources */,
				9B6063B52470D6D9008C9395 /* SceneDelegate.swift in Sources */,
			);
			runOnlyForDeploymentPostprocessing = 0;
		};
/* End PBXSourcesBuildPhase section */

/* Begin PBXVariantGroup section */
		9B21881B2495D87F00725176 /* Main.storyboard */ = {
			isa = PBXVariantGroup;
			children = (
				9B21881C2495D87F00725176 /* Base */,
			);
			name = Main.storyboard;
			sourceTree = "<group>";
		};
		9B2188202495D88100725176 /* LaunchScreen.storyboard */ = {
			isa = PBXVariantGroup;
			children = (
				9B2188212495D88100725176 /* Base */,
			);
			name = LaunchScreen.storyboard;
			sourceTree = "<group>";
		};
		9B6063BD2470D6DB008C9395 /* LaunchScreen.storyboard */ = {
			isa = PBXVariantGroup;
			children = (
				9B6063BE2470D6DB008C9395 /* Base */,
			);
			name = LaunchScreen.storyboard;
			sourceTree = "<group>";
		};
/* End PBXVariantGroup section */

/* Begin XCBuildConfiguration section */
		9B2188252495D88100725176 /* Debug */ = {
			isa = XCBuildConfiguration;
			buildSettings = {
				ASSETCATALOG_COMPILER_APPICON_NAME = AppIcon;
				CODE_SIGN_STYLE = Automatic;
				DEVELOPMENT_TEAM = WEM6WW7GWV;
				INFOPLIST_FILE = UICatalog/Resources/Info.plist;
				LD_RUNPATH_SEARCH_PATHS = (
					"$(inherited)",
					"@executable_path/Frameworks",
				);
				PRODUCT_BUNDLE_IDENTIFIER = moe.shitty.satelit.UICatalog;
				PRODUCT_NAME = "$(TARGET_NAME)";
				TARGETED_DEVICE_FAMILY = "1,2";
			};
			name = Debug;
		};
		9B2188262495D88100725176 /* Release */ = {
			isa = XCBuildConfiguration;
			buildSettings = {
				ASSETCATALOG_COMPILER_APPICON_NAME = AppIcon;
				CODE_SIGN_STYLE = Automatic;
				DEVELOPMENT_TEAM = WEM6WW7GWV;
				INFOPLIST_FILE = UICatalog/Resources/Info.plist;
				LD_RUNPATH_SEARCH_PATHS = (
					"$(inherited)",
					"@executable_path/Frameworks",
				);
				PRODUCT_BUNDLE_IDENTIFIER = moe.shitty.satelit.UICatalog;
				PRODUCT_NAME = "$(TARGET_NAME)";
				TARGETED_DEVICE_FAMILY = "1,2";
			};
			name = Release;
		};
		9B6063C12470D6DB008C9395 /* Debug */ = {
			isa = XCBuildConfiguration;
			baseConfigurationReference = 9B21880C2495BEFF00725176 /* common.xcconfig */;
			buildSettings = {
				ALWAYS_SEARCH_USER_PATHS = NO;
				CLANG_ANALYZER_NONNULL = YES;
				CLANG_ANALYZER_NUMBER_OBJECT_CONVERSION = YES_AGGRESSIVE;
				CLANG_CXX_LANGUAGE_STANDARD = "gnu++14";
				CLANG_CXX_LIBRARY = "libc++";
				CLANG_ENABLE_MODULES = YES;
				CLANG_ENABLE_OBJC_ARC = YES;
				CLANG_ENABLE_OBJC_WEAK = YES;
				CLANG_WARN_BLOCK_CAPTURE_AUTORELEASING = YES;
				CLANG_WARN_BOOL_CONVERSION = YES;
				CLANG_WARN_COMMA = YES;
				CLANG_WARN_CONSTANT_CONVERSION = YES;
				CLANG_WARN_DEPRECATED_OBJC_IMPLEMENTATIONS = YES;
				CLANG_WARN_DIRECT_OBJC_ISA_USAGE = YES_ERROR;
				CLANG_WARN_DOCUMENTATION_COMMENTS = YES;
				CLANG_WARN_EMPTY_BODY = YES;
				CLANG_WARN_ENUM_CONVERSION = YES;
				CLANG_WARN_INFINITE_RECURSION = YES;
				CLANG_WARN_INT_CONVERSION = YES;
				CLANG_WARN_NON_LITERAL_NULL_CONVERSION = YES;
				CLANG_WARN_OBJC_IMPLICIT_RETAIN_SELF = YES;
				CLANG_WARN_OBJC_LITERAL_CONVERSION = YES;
				CLANG_WARN_OBJC_ROOT_CLASS = YES_ERROR;
				CLANG_WARN_QUOTED_INCLUDE_IN_FRAMEWORK_HEADER = YES;
				CLANG_WARN_RANGE_LOOP_ANALYSIS = YES;
				CLANG_WARN_STRICT_PROTOTYPES = YES;
				CLANG_WARN_SUSPICIOUS_MOVE = YES;
				CLANG_WARN_UNGUARDED_AVAILABILITY = YES_AGGRESSIVE;
				CLANG_WARN_UNREACHABLE_CODE = YES;
				CLANG_WARN__DUPLICATE_METHOD_MATCH = YES;
				COPY_PHASE_STRIP = NO;
				DEBUG_INFORMATION_FORMAT = dwarf;
				ENABLE_STRICT_OBJC_MSGSEND = YES;
				ENABLE_TESTABILITY = YES;
				GCC_C_LANGUAGE_STANDARD = gnu11;
				GCC_DYNAMIC_NO_PIC = NO;
				GCC_NO_COMMON_BLOCKS = YES;
				GCC_OPTIMIZATION_LEVEL = 0;
				GCC_PREPROCESSOR_DEFINITIONS = (
					"DEBUG=1",
					"$(inherited)",
				);
				GCC_WARN_64_TO_32_BIT_CONVERSION = YES;
				GCC_WARN_ABOUT_RETURN_TYPE = YES_ERROR;
				GCC_WARN_UNDECLARED_SELECTOR = YES;
				GCC_WARN_UNINITIALIZED_AUTOS = YES_AGGRESSIVE;
				GCC_WARN_UNUSED_FUNCTION = YES;
				GCC_WARN_UNUSED_VARIABLE = YES;
				IPHONEOS_DEPLOYMENT_TARGET = 14.0;
				MTL_ENABLE_DEBUG_INFO = INCLUDE_SOURCE;
				MTL_FAST_MATH = YES;
				ONLY_ACTIVE_ARCH = YES;
				SDKROOT = iphoneos;
				SWIFT_ACTIVE_COMPILATION_CONDITIONS = DEBUG;
				SWIFT_OPTIMIZATION_LEVEL = "-Onone";
			};
			name = Debug;
		};
		9B6063C22470D6DB008C9395 /* Release */ = {
			isa = XCBuildConfiguration;
			baseConfigurationReference = 9B21880C2495BEFF00725176 /* common.xcconfig */;
			buildSettings = {
				ALWAYS_SEARCH_USER_PATHS = NO;
				CLANG_ANALYZER_NONNULL = YES;
				CLANG_ANALYZER_NUMBER_OBJECT_CONVERSION = YES_AGGRESSIVE;
				CLANG_CXX_LANGUAGE_STANDARD = "gnu++14";
				CLANG_CXX_LIBRARY = "libc++";
				CLANG_ENABLE_MODULES = YES;
				CLANG_ENABLE_OBJC_ARC = YES;
				CLANG_ENABLE_OBJC_WEAK = YES;
				CLANG_WARN_BLOCK_CAPTURE_AUTORELEASING = YES;
				CLANG_WARN_BOOL_CONVERSION = YES;
				CLANG_WARN_COMMA = YES;
				CLANG_WARN_CONSTANT_CONVERSION = YES;
				CLANG_WARN_DEPRECATED_OBJC_IMPLEMENTATIONS = YES;
				CLANG_WARN_DIRECT_OBJC_ISA_USAGE = YES_ERROR;
				CLANG_WARN_DOCUMENTATION_COMMENTS = YES;
				CLANG_WARN_EMPTY_BODY = YES;
				CLANG_WARN_ENUM_CONVERSION = YES;
				CLANG_WARN_INFINITE_RECURSION = YES;
				CLANG_WARN_INT_CONVERSION = YES;
				CLANG_WARN_NON_LITERAL_NULL_CONVERSION = YES;
				CLANG_WARN_OBJC_IMPLICIT_RETAIN_SELF = YES;
				CLANG_WARN_OBJC_LITERAL_CONVERSION = YES;
				CLANG_WARN_OBJC_ROOT_CLASS = YES_ERROR;
				CLANG_WARN_QUOTED_INCLUDE_IN_FRAMEWORK_HEADER = YES;
				CLANG_WARN_RANGE_LOOP_ANALYSIS = YES;
				CLANG_WARN_STRICT_PROTOTYPES = YES;
				CLANG_WARN_SUSPICIOUS_MOVE = YES;
				CLANG_WARN_UNGUARDED_AVAILABILITY = YES_AGGRESSIVE;
				CLANG_WARN_UNREACHABLE_CODE = YES;
				CLANG_WARN__DUPLICATE_METHOD_MATCH = YES;
				COPY_PHASE_STRIP = NO;
				DEBUG_INFORMATION_FORMAT = "dwarf-with-dsym";
				ENABLE_NS_ASSERTIONS = NO;
				ENABLE_STRICT_OBJC_MSGSEND = YES;
				GCC_C_LANGUAGE_STANDARD = gnu11;
				GCC_NO_COMMON_BLOCKS = YES;
				GCC_WARN_64_TO_32_BIT_CONVERSION = YES;
				GCC_WARN_ABOUT_RETURN_TYPE = YES_ERROR;
				GCC_WARN_UNDECLARED_SELECTOR = YES;
				GCC_WARN_UNINITIALIZED_AUTOS = YES_AGGRESSIVE;
				GCC_WARN_UNUSED_FUNCTION = YES;
				GCC_WARN_UNUSED_VARIABLE = YES;
				IPHONEOS_DEPLOYMENT_TARGET = 14.0;
				MTL_ENABLE_DEBUG_INFO = NO;
				MTL_FAST_MATH = YES;
				SDKROOT = iphoneos;
				SWIFT_COMPILATION_MODE = wholemodule;
				SWIFT_OPTIMIZATION_LEVEL = "-O";
				VALIDATE_PRODUCT = YES;
			};
			name = Release;
		};
		9B6063C42470D6DB008C9395 /* Debug */ = {
			isa = XCBuildConfiguration;
			buildSettings = {
				ASSETCATALOG_COMPILER_APPICON_NAME = AppIcon;
				CODE_SIGN_STYLE = Automatic;
				DEVELOPMENT_TEAM = WEM6WW7GWV;
				INFOPLIST_FILE = Satelit/Resources/Info.plist;
				LD_RUNPATH_SEARCH_PATHS = (
					"$(inherited)",
					"@executable_path/Frameworks",
				);
				PRODUCT_BUNDLE_IDENTIFIER = "moe.shitty.satelit-ios";
				PRODUCT_NAME = Satelit;
				TARGETED_DEVICE_FAMILY = 1;
			};
			name = Debug;
		};
		9B6063C52470D6DB008C9395 /* Release */ = {
			isa = XCBuildConfiguration;
			buildSettings = {
				ASSETCATALOG_COMPILER_APPICON_NAME = AppIcon;
				CODE_SIGN_STYLE = Automatic;
				DEVELOPMENT_TEAM = WEM6WW7GWV;
				INFOPLIST_FILE = Satelit/Resources/Info.plist;
				LD_RUNPATH_SEARCH_PATHS = (
					"$(inherited)",
					"@executable_path/Frameworks",
				);
				PRODUCT_BUNDLE_IDENTIFIER = "moe.shitty.satelit-ios";
				PRODUCT_NAME = Satelit;
				TARGETED_DEVICE_FAMILY = 1;
			};
			name = Release;
		};
/* End XCBuildConfiguration section */

/* Begin XCConfigurationList section */
		9B2188242495D88100725176 /* Build configuration list for PBXNativeTarget "UICatalog" */ = {
			isa = XCConfigurationList;
			buildConfigurations = (
				9B2188252495D88100725176 /* Debug */,
				9B2188262495D88100725176 /* Release */,
			);
			defaultConfigurationIsVisible = 0;
			defaultConfigurationName = Release;
		};
		9B6063AA2470D6D9008C9395 /* Build configuration list for PBXProject "Satelit" */ = {
			isa = XCConfigurationList;
			buildConfigurations = (
				9B6063C12470D6DB008C9395 /* Debug */,
				9B6063C22470D6DB008C9395 /* Release */,
			);
			defaultConfigurationIsVisible = 0;
			defaultConfigurationName = Release;
		};
		9B6063C32470D6DB008C9395 /* Build configuration list for PBXNativeTarget "Satelit" */ = {
			isa = XCConfigurationList;
			buildConfigurations = (
				9B6063C42470D6DB008C9395 /* Debug */,
				9B6063C52470D6DB008C9395 /* Release */,
			);
			defaultConfigurationIsVisible = 0;
			defaultConfigurationName = Release;
		};
/* End XCConfigurationList section */

/* Begin XCSwiftPackageProductDependency section */
		9BF6DC0224A39737007207B6 /* SatelitUI */ = {
			isa = XCSwiftPackageProductDependency;
			productName = SatelitUI;
		};
/* End XCSwiftPackageProductDependency section */
	};
	rootObject = 9B6063A72470D6D9008C9395 /* Project object */;
}
